
Microsoft Visual Studio Solution File, Format Version 12.00
# Visual Studio Version 16
VisualStudioVersion = 16.0.33027.164
MinimumVisualStudioVersion = 10.0.40219.1
Project("{FAE04EC0-301F-11D3-BF4B-00C04F79EFBC}") = "FinalG2022.Entidades", "FinalG2022.Entidades\FinalG2022.Entidades.csproj", "{4EBD6BE8-0265-481C-8184-F6F0A4608E8B}"
EndProject
Project("{FAE04EC0-301F-11D3-BF4B-00C04F79EFBC}") = "FinalG2022.Consola", "FinalG2022.Consola\FinalG2022.Consola.csproj", "{9FCF8E3D-A73D-4DC8-9512-0F2686414066}"
EndProject
Project("{FAE04EC0-301F-11D3-BF4B-00C04F79EFBC}") = "FinalG2022.Datos", "FinalG2022.Datos\FinalG2022.Datos.csproj", "{8B0AB988-92D4-4386-955C-BF97F4443909}"
EndProject
Project("{FAE04EC0-301F-11D3-BF4B-00C04F79EFBC}") = "FinalG2022.Windows", "FinalG2022.Windows\FinalG2022.Windows.csproj", "{D7240492-5DFD-43F1-B759-6FE21452D795}"
EndProject
Global
	GlobalSection(SolutionConfigurationPlatforms) = preSolution
		Debug|Any CPU = Debug|Any CPU
		Release|Any CPU = Release|Any CPU
	EndGlobalSection
	GlobalSection(ProjectConfigurationPlatforms) = postSolution
		{4EBD6BE8-0265-481C-8184-F6F0A4608E8B}.Debug|Any CPU.ActiveCfg = Debug|Any CPU
		{4EBD6BE8-0265-481C-8184-F6F0A4608E8B}.Debug|Any CPU.Build.0 = Debug|Any CPU
		{4EBD6BE8-0265-481C-8184-F6F0A4608E8B}.Release|Any CPU.ActiveCfg = Release|Any CPU
		{4EBD6BE8-0265-481C-8184-F6F0A4608E8B}.Release|Any CPU.Build.0 = Release|Any CPU
		{9FCF8E3D-A73D-4DC8-9512-0F2686414066}.Debug|Any CPU.ActiveCfg = Debug|Any CPU
		{9FCF8E3D-A73D-4DC8-9512-0F2686414066}.Debug|Any CPU.Build.0 = Debug|Any CPU
		{9FCF8E3D-A73D-4DC8-9512-0F2686414066}.Release|Any CPU.ActiveCfg = Release|Any CPU
		{9FCF8E3D-A73D-4DC8-9512-0F2686414066}.Release|Any CPU.Build.0 = Release|Any CPU
		{8B0AB988-92D4-4386-955C-BF97F4443909}.Debug|Any CPU.ActiveCfg = Debug|Any CPU
		{8B0AB988-92D4-4386-955C-BF97F4443909}.Debug|Any CPU.Build.0 = Debug|Any CPU
		{8B0AB988-92D4-4386-955C-BF97F4443909}.Release|Any CPU.ActiveCfg = Release|Any CPU
		{8B0AB988-92D4-4386-955C-BF97F4443909}.Release|Any CPU.Build.0 = Release|Any CPU
		{D7240492-5DFD-43F1-B759-6FE21452D795}.Debug|Any CPU.ActiveCfg = Debug|Any CPU
		{D7240492-5DFD-43F1-B759-6FE21452D795}.Debug|Any CPU.Build.0 = Debug|Any CPU
		{D7240492-5DFD-43F1-B759-6FE21452D795}.Release|Any CPU.ActiveCfg = Release|Any CPU
		{D7240492-5DFD-43F1-B759-6FE21452D795}.Release|Any CPU.Build.0 = Release|Any CPU
	EndGlobalSection
	GlobalSection(SolutionProperties) = preSolution
		HideSolutionNode = FALSE
	EndGlobalSection
	GlobalSection(ExtensibilityGlobals) = postSolution
		SolutionGuid = {07984E47-E951-43BF-BDC1-733D2C616A77}
	EndGlobalSection
EndGlobal
